
Microsoft Visual Studio Solution File, Format Version 12.00
# Visual Studio 15
VisualStudioVersion = 15.0.26430.16
MinimumVisualStudioVersion = 10.0.40219.1
Project("{FAE04EC0-301F-11D3-BF4B-00C04F79EFBC}") = "WeatherWindowsF", "WeatherWindowsF\WeatherWindowsF.csproj", "{7BC63F52-5344-49AA-8184-457FB5B4C35E}"
EndProject
Project("{E53339B2-1760-4266-BCC7-CA923CBCF16C}") = "docker-compose", "docker-compose.dcproj", "{3931233E-FD04-4C24-9184-91F7CE2C7C32}"
EndProject
Global
	GlobalSection(SolutionConfigurationPlatforms) = preSolution
		Debug|Any CPU = Debug|Any CPU
		Release|Any CPU = Release|Any CPU
	EndGlobalSection
	GlobalSection(ProjectConfigurationPlatforms) = postSolution
		{7BC63F52-5344-49AA-8184-457FB5B4C35E}.Debug|Any CPU.ActiveCfg = Debug|Any CPU
		{7BC63F52-5344-49AA-8184-457FB5B4C35E}.Debug|Any CPU.Build.0 = Debug|Any CPU
		{7BC63F52-5344-49AA-8184-457FB5B4C35E}.Release|Any CPU.ActiveCfg = Release|Any CPU
		{7BC63F52-5344-49AA-8184-457FB5B4C35E}.Release|Any CPU.Build.0 = Release|Any CPU
		{3931233E-FD04-4C24-9184-91F7CE2C7C32}.Debug|Any CPU.ActiveCfg = Debug|Any CPU
		{3931233E-FD04-4C24-9184-91F7CE2C7C32}.Debug|Any CPU.Build.0 = Debug|Any CPU
		{3931233E-FD04-4C24-9184-91F7CE2C7C32}.Release|Any CPU.ActiveCfg = Release|Any CPU
		{3931233E-FD04-4C24-9184-91F7CE2C7C32}.Release|Any CPU.Build.0 = Release|Any CPU
	EndGlobalSection
	GlobalSection(SolutionProperties) = preSolution
		HideSolutionNode = FALSE
	EndGlobalSection
EndGlobal
